{
  "name": "@hugov/sum-map",
  "version": "0.1.0",
  "lockfileVersion": 2,
  "requires": true,
  "packages": {
    "": {
      "name": "@hugov/sum-map",
      "version": "0.1.0",
      "license": "MIT",
      "devDependencies": {
        "@types/node": "^14.14.25",
        "assert-op": "^0.6.1"
      }
    },
    "node_modules/@types/node": {
      "version": "14.14.25",
      "resolved": "https://registry.npmjs.org/@types/node/-/node-14.14.25.tgz",
      "integrity": "sha512-EPpXLOVqDvisVxtlbvzfyqSsFeQxltFbluZNRndIb8tr9KiBnYNLzrc1N3pyKUCww2RNrfHDViqDWWE1LCJQtQ==",
      "dev": true
    },
    "node_modules/assert-op": {
      "version": "0.6.1",
      "resolved": "https://registry.npmjs.org/assert-op/-/assert-op-0.6.1.tgz",
      "integrity": "sha512-1zgkYkiPrbIUfyY2m01+xHUFiMSt1tAccmmuCAyRICjalc80l16SIWtdU1RzoPDyQMAARODOAcyKJW3s/ItF4w==",
      "dev": true
    }
  },
  "dependencies": {
    "@types/node": {
      "version": "14.14.25",
      "resolved": "https://registry.npmjs.org/@types/node/-/node-14.14.25.tgz",
      "integrity": "sha512-EPpXLOVqDvisVxtlbvzfyqSsFeQxltFbluZNRndIb8tr9KiBnYNLzrc1N3pyKUCww2RNrfHDViqDWWE1LCJQtQ==",
      "dev": true
    },
    "assert-op": {
      "version": "0.6.1",
      "resolved": "https://registry.npmjs.org/assert-op/-/assert-op-0.6.1.tgz",
      "integrity": "sha512-1zgkYkiPrbIUfyY2m01+xHUFiMSt1tAccmmuCAyRICjalc80l16SIWtdU1RzoPDyQMAARODOAcyKJW3s/ItF4w==",
      "dev": true
    }
  }
}
